// !$*UTF8*$!
{
	archiveVersion = 1;
	classes = {
	};
	objectVersion = 50;
	objects = {

/* Begin PBXBuildFile section */
		6B6A47CA25D391C700CF3EB4 /* main.c in Sources */ = {isa = PBXBuildFile; fileRef = 6B6A47C925D391C700CF3EB4 /* main.c */; };
		6B6A47D625D392C200CF3EB4 /* chunk.c in Sources */ = {isa = PBXBuildFile; fileRef = 6B6A47D525D392C200CF3EB4 /* chunk.c */; };
		6B6A47DA25D3976400CF3EB4 /* memory.c in Sources */ = {isa = PBXBuildFile; fileRef = 6B6A47D925D3976400CF3EB4 /* memory.c */; };
		6B6A482A25DDD0AA00CF3EB4 /* debug.c in Sources */ = {isa = PBXBuildFile; fileRef = 6B6A482925DDD0AA00CF3EB4 /* debug.c */; };
		6B6A482E25DDD31600CF3EB4 /* value.c in Sources */ = {isa = PBXBuildFile; fileRef = 6B6A482D25DDD31600CF3EB4 /* value.c */; };
		6B6A483225DDD95200CF3EB4 /* vm.c in Sources */ = {isa = PBXBuildFile; fileRef = 6B6A483125DDD95200CF3EB4 /* vm.c */; };
		6B6A483A25DDE90100CF3EB4 /* compiler.c in Sources */ = {isa = PBXBuildFile; fileRef = 6B6A483925DDE90100CF3EB4 /* compiler.c */; };
		6B6A483C25DDEA3300CF3EB4 /* clox in CopyFiles */ = {isa = PBXBuildFile; fileRef = 6B6A47C625D391C700CF3EB4 /* clox */; };
		6B6A484125DEED2C00CF3EB4 /* scanner.c in Sources */ = {isa = PBXBuildFile; fileRef = 6B6A484025DEED2C00CF3EB4 /* scanner.c */; };
		6BE4F49D25E05504009232C4 /* object.c in Sources */ = {isa = PBXBuildFile; fileRef = 6BE4F49C25E05504009232C4 /* object.c */; };
		6BE4F4A425E0708A009232C4 /* table.c in Sources */ = {isa = PBXBuildFile; fileRef = 6BE4F4A325E0708A009232C4 /* table.c */; };
/* End PBXBuildFile section */

/* Begin PBXCopyFilesBuildPhase section */
		6B6A47C425D391C700CF3EB4 /* CopyFiles */ = {
			isa = PBXCopyFilesBuildPhase;
			buildActionMask = 12;
			dstPath = /Users/alce/Dev/cs/interp/crafting/lox/bin;
			dstSubfolderSpec = 0;
			files = (
				6B6A483C25DDEA3300CF3EB4 /* clox in CopyFiles */,
			);
			runOnlyForDeploymentPostprocessing = 0;
		};
/* End PBXCopyFilesBuildPhase section */

/* Begin PBXFileReference section */
		6B6A47C625D391C700CF3EB4 /* clox */ = {isa = PBXFileReference; explicitFileType = "compiled.mach-o.executable"; includeInIndex = 0; path = clox; sourceTree = BUILT_PRODUCTS_DIR; };
		6B6A47C925D391C700CF3EB4 /* main.c */ = {isa = PBXFileReference; lastKnownFileType = sourcecode.c.c; path = main.c; sourceTree = "<group>"; };
		6B6A47D225D3924100CF3EB4 /* common.h */ = {isa = PBXFileReference; lastKnownFileType = sourcecode.c.h; path = common.h; sourceTree = "<group>"; };
		6B6A47D425D392C200CF3EB4 /* chunk.h */ = {isa = PBXFileReference; lastKnownFileType = sourcecode.c.h; path = chunk.h; sourceTree = "<group>"; };
		6B6A47D525D392C200CF3EB4 /* chunk.c */ = {isa = PBXFileReference; lastKnownFileType = sourcecode.c.c; path = chunk.c; sourceTree = "<group>"; };
		6B6A47D825D3964400CF3EB4 /* memory.h */ = {isa = PBXFileReference; lastKnownFileType = sourcecode.c.h; path = memory.h; sourceTree = "<group>"; };
		6B6A47D925D3976400CF3EB4 /* memory.c */ = {isa = PBXFileReference; lastKnownFileType = sourcecode.c.c; path = memory.c; sourceTree = "<group>"; };
		6B6A482825DDD0AA00CF3EB4 /* debug.h */ = {isa = PBXFileReference; lastKnownFileType = sourcecode.c.h; path = debug.h; sourceTree = "<group>"; };
		6B6A482925DDD0AA00CF3EB4 /* debug.c */ = {isa = PBXFileReference; lastKnownFileType = sourcecode.c.c; path = debug.c; sourceTree = "<group>"; };
		6B6A482C25DDD31600CF3EB4 /* value.h */ = {isa = PBXFileReference; lastKnownFileType = sourcecode.c.h; path = value.h; sourceTree = "<group>"; };
		6B6A482D25DDD31600CF3EB4 /* value.c */ = {isa = PBXFileReference; lastKnownFileType = sourcecode.c.c; path = value.c; sourceTree = "<group>"; };
		6B6A483025DDD95200CF3EB4 /* vm.h */ = {isa = PBXFileReference; lastKnownFileType = sourcecode.c.h; path = vm.h; sourceTree = "<group>"; };
		6B6A483125DDD95200CF3EB4 /* vm.c */ = {isa = PBXFileReference; lastKnownFileType = sourcecode.c.c; path = vm.c; sourceTree = "<group>"; };
		6B6A483825DDE90100CF3EB4 /* compiler.h */ = {isa = PBXFileReference; lastKnownFileType = sourcecode.c.h; path = compiler.h; sourceTree = "<group>"; };
		6B6A483925DDE90100CF3EB4 /* compiler.c */ = {isa = PBXFileReference; lastKnownFileType = sourcecode.c.c; path = compiler.c; sourceTree = "<group>"; };
		6B6A483F25DEED2C00CF3EB4 /* scanner.h */ = {isa = PBXFileReference; lastKnownFileType = sourcecode.c.h; path = scanner.h; sourceTree = "<group>"; };
		6B6A484025DEED2C00CF3EB4 /* scanner.c */ = {isa = PBXFileReference; lastKnownFileType = sourcecode.c.c; path = scanner.c; sourceTree = "<group>"; };
		6BE4F49B25E05504009232C4 /* object.h */ = {isa = PBXFileReference; lastKnownFileType = sourcecode.c.h; path = object.h; sourceTree = "<group>"; };
		6BE4F49C25E05504009232C4 /* object.c */ = {isa = PBXFileReference; lastKnownFileType = sourcecode.c.c; path = object.c; sourceTree = "<group>"; };
		6BE4F4A225E0708A009232C4 /* table.h */ = {isa = PBXFileReference; lastKnownFileType = sourcecode.c.h; path = table.h; sourceTree = "<group>"; };
		6BE4F4A325E0708A009232C4 /* table.c */ = {isa = PBXFileReference; lastKnownFileType = sourcecode.c.c; path = table.c; sourceTree = "<group>"; };
/* End PBXFileReference section */

/* Begin PBXFrameworksBuildPhase section */
		6B6A47C325D391C700CF3EB4 /* Frameworks */ = {
			isa = PBXFrameworksBuildPhase;
			buildActionMask = 2147483647;
			files = (
			);
			runOnlyForDeploymentPostprocessing = 0;
		};
/* End PBXFrameworksBuildPhase section */

/* Begin PBXGroup section */
		6B6A47BD25D391C700CF3EB4 = {
			isa = PBXGroup;
			children = (
				6B6A47D525D392C200CF3EB4 /* chunk.c */,
				6B6A47D425D392C200CF3EB4 /* chunk.h */,
				6B6A47D225D3924100CF3EB4 /* common.h */,
				6B6A483925DDE90100CF3EB4 /* compiler.c */,
				6B6A483825DDE90100CF3EB4 /* compiler.h */,
				6B6A482925DDD0AA00CF3EB4 /* debug.c */,
				6B6A482825DDD0AA00CF3EB4 /* debug.h */,
				6B6A47C925D391C700CF3EB4 /* main.c */,
				6B6A47D925D3976400CF3EB4 /* memory.c */,
				6B6A47D825D3964400CF3EB4 /* memory.h */,
				6BE4F49C25E05504009232C4 /* object.c */,
				6BE4F49B25E05504009232C4 /* object.h */,
				6B6A484025DEED2C00CF3EB4 /* scanner.c */,
				6B6A483F25DEED2C00CF3EB4 /* scanner.h */,
				6BE4F4A225E0708A009232C4 /* table.h */,
				6BE4F4A325E0708A009232C4 /* table.c */,
				6B6A482D25DDD31600CF3EB4 /* value.c */,
				6B6A482C25DDD31600CF3EB4 /* value.h */,
				6B6A483125DDD95200CF3EB4 /* vm.c */,
				6B6A483025DDD95200CF3EB4 /* vm.h */,
				6B6A47C725D391C700CF3EB4 /* Products */,
			);
			sourceTree = "<group>";
		};
		6B6A47C725D391C700CF3EB4 /* Products */ = {
			isa = PBXGroup;
			children = (
				6B6A47C625D391C700CF3EB4 /* clox */,
			);
			name = Products;
			sourceTree = "<group>";
		};
/* End PBXGroup section */

/* Begin PBXNativeTarget section */
		6B6A47C525D391C700CF3EB4 /* clox */ = {
			isa = PBXNativeTarget;
			buildConfigurationList = 6B6A47CD25D391C700CF3EB4 /* Build configuration list for PBXNativeTarget "clox" */;
			buildPhases = (
				6B6A47C225D391C700CF3EB4 /* Sources */,
				6B6A47C325D391C700CF3EB4 /* Frameworks */,
				6B6A47C425D391C700CF3EB4 /* CopyFiles */,
			);
			buildRules = (
			);
			dependencies = (
			);
			name = clox;
			productName = clox;
			productReference = 6B6A47C625D391C700CF3EB4 /* clox */;
			productType = "com.apple.product-type.tool";
		};
/* End PBXNativeTarget section */

/* Begin PBXProject section */
		6B6A47BE25D391C700CF3EB4 /* Project object */ = {
			isa = PBXProject;
			attributes = {
				LastUpgradeCheck = 1240;
				TargetAttributes = {
					6B6A47C525D391C700CF3EB4 = {
						CreatedOnToolsVersion = 12.4;
					};
				};
			};
			buildConfigurationList = 6B6A47C125D391C700CF3EB4 /* Build configuration list for PBXProject "clox" */;
			compatibilityVersion = "Xcode 9.3";
			developmentRegion = en;
			hasScannedForEncodings = 0;
			knownRegions = (
				en,
				Base,
			);
			mainGroup = 6B6A47BD25D391C700CF3EB4;
			productRefGroup = 6B6A47C725D391C700CF3EB4 /* Products */;
			projectDirPath = "";
			projectRoot = "";
			targets = (
				6B6A47C525D391C700CF3EB4 /* clox */,
			);
		};
/* End PBXProject section */

/* Begin PBXSourcesBuildPhase section */
		6B6A47C225D391C700CF3EB4 /* Sources */ = {
			isa = PBXSourcesBuildPhase;
			buildActionMask = 2147483647;
			files = (
				6BE4F4A425E0708A009232C4 /* table.c in Sources */,
				6B6A484125DEED2C00CF3EB4 /* scanner.c in Sources */,
				6B6A482E25DDD31600CF3EB4 /* value.c in Sources */,
				6B6A47CA25D391C700CF3EB4 /* main.c in Sources */,
				6BE4F49D25E05504009232C4 /* object.c in Sources */,
				6B6A47DA25D3976400CF3EB4 /* memory.c in Sources */,
				6B6A47D625D392C200CF3EB4 /* chunk.c in Sources */,
				6B6A483225DDD95200CF3EB4 /* vm.c in Sources */,
				6B6A483A25DDE90100CF3EB4 /* compiler.c in Sources */,
				6B6A482A25DDD0AA00CF3EB4 /* debug.c in Sources */,
			);
			runOnlyForDeploymentPostprocessing = 0;
		};
/* End PBXSourcesBuildPhase section */

/* Begin XCBuildConfiguration section */
		6B6A47CB25D391C700CF3EB4 /* Debug */ = {
			isa = XCBuildConfiguration;
			buildSettings = {
				ALWAYS_SEARCH_USER_PATHS = NO;
				CLANG_ANALYZER_NONNULL = YES;
				CLANG_ANALYZER_NUMBER_OBJECT_CONVERSION = YES_AGGRESSIVE;
				CLANG_CXX_LANGUAGE_STANDARD = "gnu++14";
				CLANG_CXX_LIBRARY = "libc++";
				CLANG_ENABLE_MODULES = YES;
				CLANG_ENABLE_OBJC_ARC = YES;
				CLANG_ENABLE_OBJC_WEAK = YES;
				CLANG_WARN_BLOCK_CAPTURE_AUTORELEASING = YES;
				CLANG_WARN_BOOL_CONVERSION = YES;
				CLANG_WARN_COMMA = YES;
				CLANG_WARN_CONSTANT_CONVERSION = YES;
				CLANG_WARN_DEPRECATED_OBJC_IMPLEMENTATIONS = YES;
				CLANG_WARN_DIRECT_OBJC_ISA_USAGE = YES_ERROR;
				CLANG_WARN_DOCUMENTATION_COMMENTS = YES;
				CLANG_WARN_EMPTY_BODY = YES;
				CLANG_WARN_ENUM_CONVERSION = YES;
				CLANG_WARN_INFINITE_RECURSION = YES;
				CLANG_WARN_INT_CONVERSION = YES;
				CLANG_WARN_NON_LITERAL_NULL_CONVERSION = YES;
				CLANG_WARN_OBJC_IMPLICIT_RETAIN_SELF = YES;
				CLANG_WARN_OBJC_LITERAL_CONVERSION = YES;
				CLANG_WARN_OBJC_ROOT_CLASS = YES_ERROR;
				CLANG_WARN_QUOTED_INCLUDE_IN_FRAMEWORK_HEADER = YES;
				CLANG_WARN_RANGE_LOOP_ANALYSIS = YES;
				CLANG_WARN_STRICT_PROTOTYPES = YES;
				CLANG_WARN_SUSPICIOUS_MOVE = YES;
				CLANG_WARN_UNGUARDED_AVAILABILITY = YES_AGGRESSIVE;
				CLANG_WARN_UNREACHABLE_CODE = YES;
				CLANG_WARN__DUPLICATE_METHOD_MATCH = YES;
				COPY_PHASE_STRIP = NO;
				DEBUG_INFORMATION_FORMAT = dwarf;
				ENABLE_STRICT_OBJC_MSGSEND = YES;
				ENABLE_TESTABILITY = YES;
				GCC_C_LANGUAGE_STANDARD = gnu11;
				GCC_DYNAMIC_NO_PIC = NO;
				GCC_NO_COMMON_BLOCKS = YES;
				GCC_OPTIMIZATION_LEVEL = 0;
				GCC_PREPROCESSOR_DEFINITIONS = (
					"DEBUG=1",
					"$(inherited)",
				);
				GCC_WARN_64_TO_32_BIT_CONVERSION = YES;
				GCC_WARN_ABOUT_RETURN_TYPE = YES_ERROR;
				GCC_WARN_UNDECLARED_SELECTOR = YES;
				GCC_WARN_UNINITIALIZED_AUTOS = YES_AGGRESSIVE;
				GCC_WARN_UNUSED_FUNCTION = YES;
				GCC_WARN_UNUSED_VARIABLE = YES;
				MACOSX_DEPLOYMENT_TARGET = 11.1;
				MTL_ENABLE_DEBUG_INFO = INCLUDE_SOURCE;
				MTL_FAST_MATH = YES;
				ONLY_ACTIVE_ARCH = YES;
				SDKROOT = macosx;
			};
			name = Debug;
		};
		6B6A47CC25D391C700CF3EB4 /* Release */ = {
			isa = XCBuildConfiguration;
			buildSettings = {
				ALWAYS_SEARCH_USER_PATHS = NO;
				CLANG_ANALYZER_NONNULL = YES;
				CLANG_ANALYZER_NUMBER_OBJECT_CONVERSION = YES_AGGRESSIVE;
				CLANG_CXX_LANGUAGE_STANDARD = "gnu++14";
				CLANG_CXX_LIBRARY = "libc++";
				CLANG_ENABLE_MODULES = YES;
				CLANG_ENABLE_OBJC_ARC = YES;
				CLANG_ENABLE_OBJC_WEAK = YES;
				CLANG_WARN_BLOCK_CAPTURE_AUTORELEASING = YES;
				CLANG_WARN_BOOL_CONVERSION = YES;
				CLANG_WARN_COMMA = YES;
				CLANG_WARN_CONSTANT_CONVERSION = YES;
				CLANG_WARN_DEPRECATED_OBJC_IMPLEMENTATIONS = YES;
				CLANG_WARN_DIRECT_OBJC_ISA_USAGE = YES_ERROR;
				CLANG_WARN_DOCUMENTATION_COMMENTS = YES;
				CLANG_WARN_EMPTY_BODY = YES;
				CLANG_WARN_ENUM_CONVERSION = YES;
				CLANG_WARN_INFINITE_RECURSION = YES;
				CLANG_WARN_INT_CONVERSION = YES;
				CLANG_WARN_NON_LITERAL_NULL_CONVERSION = YES;
				CLANG_WARN_OBJC_IMPLICIT_RETAIN_SELF = YES;
				CLANG_WARN_OBJC_LITERAL_CONVERSION = YES;
				CLANG_WARN_OBJC_ROOT_CLASS = YES_ERROR;
				CLANG_WARN_QUOTED_INCLUDE_IN_FRAMEWORK_HEADER = YES;
				CLANG_WARN_RANGE_LOOP_ANALYSIS = YES;
				CLANG_WARN_STRICT_PROTOTYPES = YES;
				CLANG_WARN_SUSPICIOUS_MOVE = YES;
				CLANG_WARN_UNGUARDED_AVAILABILITY = YES_AGGRESSIVE;
				CLANG_WARN_UNREACHABLE_CODE = YES;
				CLANG_WARN__DUPLICATE_METHOD_MATCH = YES;
				COPY_PHASE_STRIP = NO;
				DEBUG_INFORMATION_FORMAT = "dwarf-with-dsym";
				ENABLE_NS_ASSERTIONS = NO;
				ENABLE_STRICT_OBJC_MSGSEND = YES;
				GCC_C_LANGUAGE_STANDARD = gnu11;
				GCC_NO_COMMON_BLOCKS = YES;
				GCC_WARN_64_TO_32_BIT_CONVERSION = YES;
				GCC_WARN_ABOUT_RETURN_TYPE = YES_ERROR;
				GCC_WARN_UNDECLARED_SELECTOR = YES;
				GCC_WARN_UNINITIALIZED_AUTOS = YES_AGGRESSIVE;
				GCC_WARN_UNUSED_FUNCTION = YES;
				GCC_WARN_UNUSED_VARIABLE = YES;
				MACOSX_DEPLOYMENT_TARGET = 11.1;
				MTL_ENABLE_DEBUG_INFO = NO;
				MTL_FAST_MATH = YES;
				SDKROOT = macosx;
			};
			name = Release;
		};
		6B6A47CE25D391C700CF3EB4 /* Debug */ = {
			isa = XCBuildConfiguration;
			buildSettings = {
				CODE_SIGN_STYLE = Automatic;
				PRODUCT_NAME = "$(TARGET_NAME)";
			};
			name = Debug;
		};
		6B6A47CF25D391C700CF3EB4 /* Release */ = {
			isa = XCBuildConfiguration;
			buildSettings = {
				CODE_SIGN_STYLE = Automatic;
				PRODUCT_NAME = "$(TARGET_NAME)";
			};
			name = Release;
		};
/* End XCBuildConfiguration section */

/* Begin XCConfigurationList section */
		6B6A47C125D391C700CF3EB4 /* Build configuration list for PBXProject "clox" */ = {
			isa = XCConfigurationList;
			buildConfigurations = (
				6B6A47CB25D391C700CF3EB4 /* Debug */,
				6B6A47CC25D391C700CF3EB4 /* Release */,
			);
			defaultConfigurationIsVisible = 0;
			defaultConfigurationName = Release;
		};
		6B6A47CD25D391C700CF3EB4 /* Build configuration list for PBXNativeTarget "clox" */ = {
			isa = XCConfigurationList;
			buildConfigurations = (
				6B6A47CE25D391C700CF3EB4 /* Debug */,
				6B6A47CF25D391C700CF3EB4 /* Release */,
			);
			defaultConfigurationIsVisible = 0;
			defaultConfigurationName = Release;
		};
/* End XCConfigurationList section */
	};
	rootObject = 6B6A47BE25D391C700CF3EB4 /* Project object */;
}
